
Microsoft Visual Studio Solution File, Format Version 12.00
# Visual Studio Version 17
VisualStudioVersion = 17.4.33122.133
MinimumVisualStudioVersion = 10.0.40219.1
Project("{FAE04EC0-301F-11D3-BF4B-00C04F79EFBC}") = "WPF Slider Toggle", "WPF Slider Toggle\WPF Slider Toggle.csproj", "{F25E2BD3-8B57-4A7C-AB8A-07030012373E}"
EndProject
Project("{2150E333-8FDC-42A3-9474-1A3956D46DE8}") = "Solution Items", "Solution Items", "{192E65C4-E101-420E-AC81-C4F1F28155EE}"
	ProjectSection(SolutionItems) = preProject
		README.md = README.md
	EndProjectSection
EndProject
Global
	GlobalSection(SolutionConfigurationPlatforms) = preSolution
		Debug|Any CPU = Debug|Any CPU
		Release|Any CPU = Release|Any CPU
	EndGlobalSection
	GlobalSection(ProjectConfigurationPlatforms) = postSolution
		{F25E2BD3-8B57-4A7C-AB8A-07030012373E}.Debug|Any CPU.ActiveCfg = Debug|Any CPU
		{F25E2BD3-8B57-4A7C-AB8A-07030012373E}.Debug|Any CPU.Build.0 = Debug|Any CPU
		{F25E2BD3-8B57-4A7C-AB8A-07030012373E}.Release|Any CPU.ActiveCfg = Release|Any CPU
		{F25E2BD3-8B57-4A7C-AB8A-07030012373E}.Release|Any CPU.Build.0 = Release|Any CPU
	EndGlobalSection
	GlobalSection(SolutionProperties) = preSolution
		HideSolutionNode = FALSE
	EndGlobalSection
	GlobalSection(ExtensibilityGlobals) = postSolution
		SolutionGuid = {72E7B810-826A-4E3C-949D-0E089AF6CF3B}
	EndGlobalSection
EndGlobal
